{
  "name": "minimal-agent",
  "version": "0.110.0",
  "lockfileVersion": 3,
  "requires": true,
  "packages": {
    "": {
      "name": "minimal-agent",
      "version": "0.110.0",
      "hasInstallScript": true,
      "license": "MIT",
      "bin": {
        "minimal-agent": "bin/minimal-agent.js"
      },
      "engines": {
        "node": ">=24 <25"
      }
    }
  }
}
